
Microsoft Visual Studio Solution File, Format Version 12.00
# Visual Studio Version 16
VisualStudioVersion = 16.0.31205.134
MinimumVisualStudioVersion = 10.0.40219.1
Project("{9A19103F-16F7-4668-BE54-9A1E7A4F7556}") = "FizzBuzzTDDUnitTests", "FizzBuzzTDDUnitTests.csproj", "{65F9959C-CB92-4FE3-A5F5-181C343CD0AD}"
EndProject
Project("{9A19103F-16F7-4668-BE54-9A1E7A4F7556}") = "FizzBuzzProgram", "..\FizzBuzzProgram\FizzBuzzProgram.csproj", "{3BC86F19-494D-4725-9570-1CD815F0CA1D}"
EndProject
Global
	GlobalSection(SolutionConfigurationPlatforms) = preSolution
		Debug|Any CPU = Debug|Any CPU
		Release|Any CPU = Release|Any CPU
	EndGlobalSection
	GlobalSection(ProjectConfigurationPlatforms) = postSolution
		{65F9959C-CB92-4FE3-A5F5-181C343CD0AD}.Debug|Any CPU.ActiveCfg = Debug|Any CPU
		{65F9959C-CB92-4FE3-A5F5-181C343CD0AD}.Debug|Any CPU.Build.0 = Debug|Any CPU
		{65F9959C-CB92-4FE3-A5F5-181C343CD0AD}.Release|Any CPU.ActiveCfg = Release|Any CPU
		{65F9959C-CB92-4FE3-A5F5-181C343CD0AD}.Release|Any CPU.Build.0 = Release|Any CPU
		{3BC86F19-494D-4725-9570-1CD815F0CA1D}.Debug|Any CPU.ActiveCfg = Debug|Any CPU
		{3BC86F19-494D-4725-9570-1CD815F0CA1D}.Debug|Any CPU.Build.0 = Debug|Any CPU
		{3BC86F19-494D-4725-9570-1CD815F0CA1D}.Release|Any CPU.ActiveCfg = Release|Any CPU
		{3BC86F19-494D-4725-9570-1CD815F0CA1D}.Release|Any CPU.Build.0 = Release|Any CPU
	EndGlobalSection
	GlobalSection(SolutionProperties) = preSolution
		HideSolutionNode = FALSE
	EndGlobalSection
	GlobalSection(ExtensibilityGlobals) = postSolution
		SolutionGuid = {9744A345-CA75-4514-BC6A-0A2C77FB4B76}
	EndGlobalSection
EndGlobal
